{
  "nodes": {
    "nixpkgs": {
      "locked": {
        "lastModified": 1628128810,
        "narHash": "sha256-WHj6LUWF3K2I6qIe7vSFX4OWUEkFW/Q0avLBHc0IBxE=",
        "owner": "NixOS",
        "repo": "nixpkgs",
        "rev": "4aaf52423efdb7dacf209ad0ce3e5eb109069dfe",
        "type": "github"
      },
      "original": {
        "owner": "NixOS",
        "repo": "nixpkgs",
        "type": "github"
      }
    },
    "polkadot": {
      "flake": false,
      "locked": {
        "lastModified": 1620835192,
        "narHash": "sha256-Ryo7Ln9nh6rlla4jnhSgqiIqHciGBTDxAjuRzE7BhDs=",
        "owner": "paritytech",
        "repo": "polkadot",
        "rev": "d2fb288389ae3b0689c1c84f977bde532129e658",
        "type": "github"
      },
      "original": {
        "owner": "paritytech",
        "ref": "release",
        "repo": "polkadot",
        "type": "github"
      }
    },
    "root": {
      "inputs": {
        "nixpkgs": "nixpkgs",
        "polkadot": "polkadot"
      }
    }
  },
  "root": "root",
  "version": 7
}
