{
  "nodes": {
    "nixpkgs": {
      "locked": {
        "lastModified": 1622043366,
        "narHash": "sha256-ZKR5BjihoWaXljY1O7taP+v2/venprAzBB7P70WBlGo=",
        "owner": "NixOS",
        "repo": "nixpkgs",
        "rev": "83b63c93debf27942e13c1046164741443e4fcea",
        "type": "github"
      },
      "original": {
        "owner": "NixOS",
        "repo": "nixpkgs",
        "type": "github"
      }
    },
    "polkadot": {
      "flake": false,
      "locked": {
        "lastModified": 1620835192,
        "narHash": "sha256-Ryo7Ln9nh6rlla4jnhSgqiIqHciGBTDxAjuRzE7BhDs=",
        "owner": "paritytech",
        "repo": "polkadot",
        "rev": "d2fb288389ae3b0689c1c84f977bde532129e658",
        "type": "github"
      },
      "original": {
        "owner": "paritytech",
        "ref": "release",
        "repo": "polkadot",
        "type": "github"
      }
    },
    "root": {
      "inputs": {
        "nixpkgs": "nixpkgs",
        "polkadot": "polkadot"
      }
    }
  },
  "root": "root",
  "version": 7
}
