{
  "nodes": {
    "nixpkgs": {
      "locked": {
        "lastModified": 1621625051,
        "narHash": "sha256-X/DsI3uoDrd8AGVlps+CoTJZzFxTt126S8WyerFnJ10=",
        "owner": "NixOS",
        "repo": "nixpkgs",
        "rev": "ea422282d68bfaa81ea0ce0bf546d6c5afc06579",
        "type": "github"
      },
      "original": {
        "owner": "NixOS",
        "repo": "nixpkgs",
        "type": "github"
      }
    },
    "polkadot": {
      "flake": false,
      "locked": {
        "lastModified": 1620835192,
        "narHash": "sha256-Ryo7Ln9nh6rlla4jnhSgqiIqHciGBTDxAjuRzE7BhDs=",
        "owner": "paritytech",
        "repo": "polkadot",
        "rev": "d2fb288389ae3b0689c1c84f977bde532129e658",
        "type": "github"
      },
      "original": {
        "owner": "paritytech",
        "ref": "release",
        "repo": "polkadot",
        "type": "github"
      }
    },
    "root": {
      "inputs": {
        "nixpkgs": "nixpkgs",
        "polkadot": "polkadot"
      }
    }
  },
  "root": "root",
  "version": 7
}
